// !$*UTF8*$!
{
	archiveVersion = 1;
	classes = {
	};
	objectVersion = 46;
	objects = {

/* Begin PBXBuildFile section */
		4336CF6E1AA0451500A8597F /* txt.icns in Resources */ = {isa = PBXBuildFile; fileRef = 4336CF6D1AA0451500A8597F /* txt.icns */; };
		4336CF701AA0499100A8597F /* PreferenceController.swift in Sources */ = {isa = PBXBuildFile; fileRef = 4336CF6F1AA0499100A8597F /* PreferenceController.swift */; };
		4336CF721AA04C5B00A8597F /* Preferences.xib in Resources */ = {isa = PBXBuildFile; fileRef = 4336CF711AA04C5B00A8597F /* Preferences.xib */; };
		43C943961A91980500EEB6E9 /* Person.swift in Sources */ = {isa = PBXBuildFile; fileRef = 43C943951A91980500EEB6E9 /* Person.swift */; };
		4C6934521A8F692600F872C1 /* AppDelegate.swift in Sources */ = {isa = PBXBuildFile; fileRef = 4C6934511A8F692600F872C1 /* AppDelegate.swift */; };
		4C6934541A8F692600F872C1 /* Document.swift in Sources */ = {isa = PBXBuildFile; fileRef = 4C6934531A8F692600F872C1 /* Document.swift */; };
		4C6934571A8F692600F872C1 /* Document.xib in Resources */ = {isa = PBXBuildFile; fileRef = 4C6934551A8F692600F872C1 /* Document.xib */; };
		4C6934591A8F692600F872C1 /* Images.xcassets in Resources */ = {isa = PBXBuildFile; fileRef = 4C6934581A8F692600F872C1 /* Images.xcassets */; };
		4C69345C1A8F692600F872C1 /* MainMenu.xib in Resources */ = {isa = PBXBuildFile; fileRef = 4C69345A1A8F692600F872C1 /* MainMenu.xib */; };
		4C6934681A8F692600F872C1 /* RaiseManTests.swift in Sources */ = {isa = PBXBuildFile; fileRef = 4C6934671A8F692600F872C1 /* RaiseManTests.swift */; };
/* End PBXBuildFile section */

/* Begin PBXContainerItemProxy section */
		4C6934621A8F692600F872C1 /* PBXContainerItemProxy */ = {
			isa = PBXContainerItemProxy;
			containerPortal = 4C6934441A8F692500F872C1 /* Project object */;
			proxyType = 1;
			remoteGlobalIDString = 4C69344B1A8F692600F872C1;
			remoteInfo = RaiseMan;
		};
/* End PBXContainerItemProxy section */

/* Begin PBXFileReference section */
		4336CF6D1AA0451500A8597F /* txt.icns */ = {isa = PBXFileReference; lastKnownFileType = image.icns; path = txt.icns; sourceTree = "<group>"; };
		4336CF6F1AA0499100A8597F /* PreferenceController.swift */ = {isa = PBXFileReference; fileEncoding = 4; lastKnownFileType = sourcecode.swift; path = PreferenceController.swift; sourceTree = "<group>"; };
		4336CF711AA04C5B00A8597F /* Preferences.xib */ = {isa = PBXFileReference; fileEncoding = 4; lastKnownFileType = file.xib; path = Preferences.xib; sourceTree = "<group>"; };
		43C943951A91980500EEB6E9 /* Person.swift */ = {isa = PBXFileReference; fileEncoding = 4; lastKnownFileType = sourcecode.swift; path = Person.swift; sourceTree = "<group>"; };
		4C69344C1A8F692600F872C1 /* RaiseMan.app */ = {isa = PBXFileReference; explicitFileType = wrapper.application; includeInIndex = 0; path = RaiseMan.app; sourceTree = BUILT_PRODUCTS_DIR; };
		4C6934501A8F692600F872C1 /* Info.plist */ = {isa = PBXFileReference; lastKnownFileType = text.plist.xml; path = Info.plist; sourceTree = "<group>"; };
		4C6934511A8F692600F872C1 /* AppDelegate.swift */ = {isa = PBXFileReference; lastKnownFileType = sourcecode.swift; path = AppDelegate.swift; sourceTree = "<group>"; };
		4C6934531A8F692600F872C1 /* Document.swift */ = {isa = PBXFileReference; lastKnownFileType = sourcecode.swift; path = Document.swift; sourceTree = "<group>"; };
		4C6934561A8F692600F872C1 /* Base */ = {isa = PBXFileReference; lastKnownFileType = file.xib; name = Base; path = Base.lproj/Document.xib; sourceTree = "<group>"; };
		4C6934581A8F692600F872C1 /* Images.xcassets */ = {isa = PBXFileReference; lastKnownFileType = folder.assetcatalog; path = Images.xcassets; sourceTree = "<group>"; };
		4C69345B1A8F692600F872C1 /* Base */ = {isa = PBXFileReference; lastKnownFileType = file.xib; name = Base; path = Base.lproj/MainMenu.xib; sourceTree = "<group>"; };
		4C6934611A8F692600F872C1 /* RaiseManTests.xctest */ = {isa = PBXFileReference; explicitFileType = wrapper.cfbundle; includeInIndex = 0; path = RaiseManTests.xctest; sourceTree = BUILT_PRODUCTS_DIR; };
		4C6934661A8F692600F872C1 /* Info.plist */ = {isa = PBXFileReference; lastKnownFileType = text.plist.xml; path = Info.plist; sourceTree = "<group>"; };
		4C6934671A8F692600F872C1 /* RaiseManTests.swift */ = {isa = PBXFileReference; lastKnownFileType = sourcecode.swift; path = RaiseManTests.swift; sourceTree = "<group>"; };
/* End PBXFileReference section */

/* Begin PBXFrameworksBuildPhase section */
		4C6934491A8F692600F872C1 /* Frameworks */ = {
			isa = PBXFrameworksBuildPhase;
			buildActionMask = 2147483647;
			files = (
			);
			runOnlyForDeploymentPostprocessing = 0;
		};
		4C69345E1A8F692600F872C1 /* Frameworks */ = {
			isa = PBXFrameworksBuildPhase;
			buildActionMask = 2147483647;
			files = (
			);
			runOnlyForDeploymentPostprocessing = 0;
		};
/* End PBXFrameworksBuildPhase section */

/* Begin PBXGroup section */
		4C6934431A8F692500F872C1 = {
			isa = PBXGroup;
			children = (
				4C69344E1A8F692600F872C1 /* RaiseMan */,
				4C6934641A8F692600F872C1 /* RaiseManTests */,
				4C69344D1A8F692600F872C1 /* Products */,
			);
			sourceTree = "<group>";
		};
		4C69344D1A8F692600F872C1 /* Products */ = {
			isa = PBXGroup;
			children = (
				4C69344C1A8F692600F872C1 /* RaiseMan.app */,
				4C6934611A8F692600F872C1 /* RaiseManTests.xctest */,
			);
			name = Products;
			sourceTree = "<group>";
		};
		4C69344E1A8F692600F872C1 /* RaiseMan */ = {
			isa = PBXGroup;
			children = (
				4C6934511A8F692600F872C1 /* AppDelegate.swift */,
				4336CF6F1AA0499100A8597F /* PreferenceController.swift */,
				4C6934531A8F692600F872C1 /* Document.swift */,
				43C943951A91980500EEB6E9 /* Person.swift */,
				4C69345A1A8F692600F872C1 /* MainMenu.xib */,
				4336CF711AA04C5B00A8597F /* Preferences.xib */,
				4C6934551A8F692600F872C1 /* Document.xib */,
				4C6934581A8F692600F872C1 /* Images.xcassets */,
				4C69344F1A8F692600F872C1 /* Supporting Files */,
			);
			path = RaiseMan;
			sourceTree = "<group>";
		};
		4C69344F1A8F692600F872C1 /* Supporting Files */ = {
			isa = PBXGroup;
			children = (
				4336CF6D1AA0451500A8597F /* txt.icns */,
				4C6934501A8F692600F872C1 /* Info.plist */,
			);
			name = "Supporting Files";
			sourceTree = "<group>";
		};
		4C6934641A8F692600F872C1 /* RaiseManTests */ = {
			isa = PBXGroup;
			children = (
				4C6934671A8F692600F872C1 /* RaiseManTests.swift */,
				4C6934651A8F692600F872C1 /* Supporting Files */,
			);
			path = RaiseManTests;
			sourceTree = "<group>";
		};
		4C6934651A8F692600F872C1 /* Supporting Files */ = {
			isa = PBXGroup;
			children = (
				4C6934661A8F692600F872C1 /* Info.plist */,
			);
			name = "Supporting Files";
			sourceTree = "<group>";
		};
/* End PBXGroup section */

/* Begin PBXNativeTarget section */
		4C69344B1A8F692600F872C1 /* RaiseMan */ = {
			isa = PBXNativeTarget;
			buildConfigurationList = 4C69346B1A8F692600F872C1 /* Build configuration list for PBXNativeTarget "RaiseMan" */;
			buildPhases = (
				4C6934481A8F692600F872C1 /* Sources */,
				4C6934491A8F692600F872C1 /* Frameworks */,
				4C69344A1A8F692600F872C1 /* Resources */,
			);
			buildRules = (
			);
			dependencies = (
			);
			name = RaiseMan;
			productName = RaiseMan;
			productReference = 4C69344C1A8F692600F872C1 /* RaiseMan.app */;
			productType = "com.apple.product-type.application";
		};
		4C6934601A8F692600F872C1 /* RaiseManTests */ = {
			isa = PBXNativeTarget;
			buildConfigurationList = 4C69346E1A8F692600F872C1 /* Build configuration list for PBXNativeTarget "RaiseManTests" */;
			buildPhases = (
				4C69345D1A8F692600F872C1 /* Sources */,
				4C69345E1A8F692600F872C1 /* Frameworks */,
				4C69345F1A8F692600F872C1 /* Resources */,
			);
			buildRules = (
			);
			dependencies = (
				4C6934631A8F692600F872C1 /* PBXTargetDependency */,
			);
			name = RaiseManTests;
			productName = RaiseManTests;
			productReference = 4C6934611A8F692600F872C1 /* RaiseManTests.xctest */;
			productType = "com.apple.product-type.bundle.unit-test";
		};
/* End PBXNativeTarget section */

/* Begin PBXProject section */
		4C6934441A8F692500F872C1 /* Project object */ = {
			isa = PBXProject;
			attributes = {
				LastUpgradeCheck = 0610;
				ORGANIZATIONNAME = michael;
				TargetAttributes = {
					4C69344B1A8F692600F872C1 = {
						CreatedOnToolsVersion = 6.1.1;
					};
					4C6934601A8F692600F872C1 = {
						CreatedOnToolsVersion = 6.1.1;
						TestTargetID = 4C69344B1A8F692600F872C1;
					};
				};
			};
			buildConfigurationList = 4C6934471A8F692500F872C1 /* Build configuration list for PBXProject "RaiseMan" */;
			compatibilityVersion = "Xcode 3.2";
			developmentRegion = English;
			hasScannedForEncodings = 0;
			knownRegions = (
				en,
				Base,
			);
			mainGroup = 4C6934431A8F692500F872C1;
			productRefGroup = 4C69344D1A8F692600F872C1 /* Products */;
			projectDirPath = "";
			projectRoot = "";
			targets = (
				4C69344B1A8F692600F872C1 /* RaiseMan */,
				4C6934601A8F692600F872C1 /* RaiseManTests */,
			);
		};
/* End PBXProject section */

/* Begin PBXResourcesBuildPhase section */
		4C69344A1A8F692600F872C1 /* Resources */ = {
			isa = PBXResourcesBuildPhase;
			buildActionMask = 2147483647;
			files = (
				4C6934571A8F692600F872C1 /* Document.xib in Resources */,
				4C6934591A8F692600F872C1 /* Images.xcassets in Resources */,
				4C69345C1A8F692600F872C1 /* MainMenu.xib in Resources */,
				4336CF6E1AA0451500A8597F /* txt.icns in Resources */,
				4336CF721AA04C5B00A8597F /* Preferences.xib in Resources */,
			);
			runOnlyForDeploymentPostprocessing = 0;
		};
		4C69345F1A8F692600F872C1 /* Resources */ = {
			isa = PBXResourcesBuildPhase;
			buildActionMask = 2147483647;
			files = (
			);
			runOnlyForDeploymentPostprocessing = 0;
		};
/* End PBXResourcesBuildPhase section */

/* Begin PBXSourcesBuildPhase section */
		4C6934481A8F692600F872C1 /* Sources */ = {
			isa = PBXSourcesBuildPhase;
			buildActionMask = 2147483647;
			files = (
				4336CF701AA0499100A8597F /* PreferenceController.swift in Sources */,
				43C943961A91980500EEB6E9 /* Person.swift in Sources */,
				4C6934541A8F692600F872C1 /* Document.swift in Sources */,
				4C6934521A8F692600F872C1 /* AppDelegate.swift in Sources */,
			);
			runOnlyForDeploymentPostprocessing = 0;
		};
		4C69345D1A8F692600F872C1 /* Sources */ = {
			isa = PBXSourcesBuildPhase;
			buildActionMask = 2147483647;
			files = (
				4C6934681A8F692600F872C1 /* RaiseManTests.swift in Sources */,
			);
			runOnlyForDeploymentPostprocessing = 0;
		};
/* End PBXSourcesBuildPhase section */

/* Begin PBXTargetDependency section */
		4C6934631A8F692600F872C1 /* PBXTargetDependency */ = {
			isa = PBXTargetDependency;
			target = 4C69344B1A8F692600F872C1 /* RaiseMan */;
			targetProxy = 4C6934621A8F692600F872C1 /* PBXContainerItemProxy */;
		};
/* End PBXTargetDependency section */

/* Begin PBXVariantGroup section */
		4C6934551A8F692600F872C1 /* Document.xib */ = {
			isa = PBXVariantGroup;
			children = (
				4C6934561A8F692600F872C1 /* Base */,
			);
			name = Document.xib;
			sourceTree = "<group>";
		};
		4C69345A1A8F692600F872C1 /* MainMenu.xib */ = {
			isa = PBXVariantGroup;
			children = (
				4C69345B1A8F692600F872C1 /* Base */,
			);
			name = MainMenu.xib;
			sourceTree = "<group>";
		};
/* End PBXVariantGroup section */

/* Begin XCBuildConfiguration section */
		4C6934691A8F692600F872C1 /* Debug */ = {
			isa = XCBuildConfiguration;
			buildSettings = {
				ALWAYS_SEARCH_USER_PATHS = NO;
				CLANG_CXX_LANGUAGE_STANDARD = "gnu++0x";
				CLANG_CXX_LIBRARY = "libc++";
				CLANG_ENABLE_MODULES = YES;
				CLANG_ENABLE_OBJC_ARC = YES;
				CLANG_WARN_BOOL_CONVERSION = YES;
				CLANG_WARN_CONSTANT_CONVERSION = YES;
				CLANG_WARN_DIRECT_OBJC_ISA_USAGE = YES_ERROR;
				CLANG_WARN_EMPTY_BODY = YES;
				CLANG_WARN_ENUM_CONVERSION = YES;
				CLANG_WARN_INT_CONVERSION = YES;
				CLANG_WARN_OBJC_ROOT_CLASS = YES_ERROR;
				CLANG_WARN_UNREACHABLE_CODE = YES;
				CLANG_WARN__DUPLICATE_METHOD_MATCH = YES;
				CODE_SIGN_IDENTITY = "-";
				COPY_PHASE_STRIP = NO;
				ENABLE_STRICT_OBJC_MSGSEND = YES;
				GCC_C_LANGUAGE_STANDARD = gnu99;
				GCC_DYNAMIC_NO_PIC = NO;
				GCC_OPTIMIZATION_LEVEL = 0;
				GCC_PREPROCESSOR_DEFINITIONS = (
					"DEBUG=1",
					"$(inherited)",
				);
				GCC_SYMBOLS_PRIVATE_EXTERN = NO;
				GCC_WARN_64_TO_32_BIT_CONVERSION = YES;
				GCC_WARN_ABOUT_RETURN_TYPE = YES_ERROR;
				GCC_WARN_UNDECLARED_SELECTOR = YES;
				GCC_WARN_UNINITIALIZED_AUTOS = YES_AGGRESSIVE;
				GCC_WARN_UNUSED_FUNCTION = YES;
				GCC_WARN_UNUSED_VARIABLE = YES;
				MACOSX_DEPLOYMENT_TARGET = 10.10;
				MTL_ENABLE_DEBUG_INFO = YES;
				ONLY_ACTIVE_ARCH = YES;
				SDKROOT = macosx;
				SWIFT_OPTIMIZATION_LEVEL = "-Onone";
			};
			name = Debug;
		};
		4C69346A1A8F692600F872C1 /* Release */ = {
			isa = XCBuildConfiguration;
			buildSettings = {
				ALWAYS_SEARCH_USER_PATHS = NO;
				CLANG_CXX_LANGUAGE_STANDARD = "gnu++0x";
				CLANG_CXX_LIBRARY = "libc++";
				CLANG_ENABLE_MODULES = YES;
				CLANG_ENABLE_OBJC_ARC = YES;
				CLANG_WARN_BOOL_CONVERSION = YES;
				CLANG_WARN_CONSTANT_CONVERSION = YES;
				CLANG_WARN_DIRECT_OBJC_ISA_USAGE = YES_ERROR;
				CLANG_WARN_EMPTY_BODY = YES;
				CLANG_WARN_ENUM_CONVERSION = YES;
				CLANG_WARN_INT_CONVERSION = YES;
				CLANG_WARN_OBJC_ROOT_CLASS = YES_ERROR;
				CLANG_WARN_UNREACHABLE_CODE = YES;
				CLANG_WARN__DUPLICATE_METHOD_MATCH = YES;
				CODE_SIGN_IDENTITY = "-";
				COPY_PHASE_STRIP = YES;
				DEBUG_INFORMATION_FORMAT = "dwarf-with-dsym";
				ENABLE_NS_ASSERTIONS = NO;
				ENABLE_STRICT_OBJC_MSGSEND = YES;
				GCC_C_LANGUAGE_STANDARD = gnu99;
				GCC_WARN_64_TO_32_BIT_CONVERSION = YES;
				GCC_WARN_ABOUT_RETURN_TYPE = YES_ERROR;
				GCC_WARN_UNDECLARED_SELECTOR = YES;
				GCC_WARN_UNINITIALIZED_AUTOS = YES_AGGRESSIVE;
				GCC_WARN_UNUSED_FUNCTION = YES;
				GCC_WARN_UNUSED_VARIABLE = YES;
				MACOSX_DEPLOYMENT_TARGET = 10.10;
				MTL_ENABLE_DEBUG_INFO = NO;
				SDKROOT = macosx;
			};
			name = Release;
		};
		4C69346C1A8F692600F872C1 /* Debug */ = {
			isa = XCBuildConfiguration;
			buildSettings = {
				ASSETCATALOG_COMPILER_APPICON_NAME = AppIcon;
				COMBINE_HIDPI_IMAGES = YES;
				INFOPLIST_FILE = RaiseMan/Info.plist;
				LD_RUNPATH_SEARCH_PATHS = "$(inherited) @executable_path/../Frameworks";
				PRODUCT_NAME = "$(TARGET_NAME)";
			};
			name = Debug;
		};
		4C69346D1A8F692600F872C1 /* Release */ = {
			isa = XCBuildConfiguration;
			buildSettings = {
				ASSETCATALOG_COMPILER_APPICON_NAME = AppIcon;
				COMBINE_HIDPI_IMAGES = YES;
				INFOPLIST_FILE = RaiseMan/Info.plist;
				LD_RUNPATH_SEARCH_PATHS = "$(inherited) @executable_path/../Frameworks";
				PRODUCT_NAME = "$(TARGET_NAME)";
			};
			name = Release;
		};
		4C69346F1A8F692600F872C1 /* Debug */ = {
			isa = XCBuildConfiguration;
			buildSettings = {
				BUNDLE_LOADER = "$(TEST_HOST)";
				COMBINE_HIDPI_IMAGES = YES;
				FRAMEWORK_SEARCH_PATHS = (
					"$(DEVELOPER_FRAMEWORKS_DIR)",
					"$(inherited)",
				);
				GCC_PREPROCESSOR_DEFINITIONS = (
					"DEBUG=1",
					"$(inherited)",
				);
				INFOPLIST_FILE = RaiseManTests/Info.plist;
				LD_RUNPATH_SEARCH_PATHS = "$(inherited) @executable_path/../Frameworks @loader_path/../Frameworks";
				PRODUCT_NAME = "$(TARGET_NAME)";
				TEST_HOST = "$(BUILT_PRODUCTS_DIR)/RaiseMan.app/Contents/MacOS/RaiseMan";
			};
			name = Debug;
		};
		4C6934701A8F692600F872C1 /* Release */ = {
			isa = XCBuildConfiguration;
			buildSettings = {
				BUNDLE_LOADER = "$(TEST_HOST)";
				COMBINE_HIDPI_IMAGES = YES;
				FRAMEWORK_SEARCH_PATHS = (
					"$(DEVELOPER_FRAMEWORKS_DIR)",
					"$(inherited)",
				);
				INFOPLIST_FILE = RaiseManTests/Info.plist;
				LD_RUNPATH_SEARCH_PATHS = "$(inherited) @executable_path/../Frameworks @loader_path/../Frameworks";
				PRODUCT_NAME = "$(TARGET_NAME)";
				TEST_HOST = "$(BUILT_PRODUCTS_DIR)/RaiseMan.app/Contents/MacOS/RaiseMan";
			};
			name = Release;
		};
/* End XCBuildConfiguration section */

/* Begin XCConfigurationList section */
		4C6934471A8F692500F872C1 /* Build configuration list for PBXProject "RaiseMan" */ = {
			isa = XCConfigurationList;
			buildConfigurations = (
				4C6934691A8F692600F872C1 /* Debug */,
				4C69346A1A8F692600F872C1 /* Release */,
			);
			defaultConfigurationIsVisible = 0;
			defaultConfigurationName = Release;
		};
		4C69346B1A8F692600F872C1 /* Build configuration list for PBXNativeTarget "RaiseMan" */ = {
			isa = XCConfigurationList;
			buildConfigurations = (
				4C69346C1A8F692600F872C1 /* Debug */,
				4C69346D1A8F692600F872C1 /* Release */,
			);
			defaultConfigurationIsVisible = 0;
			defaultConfigurationName = Release;
		};
		4C69346E1A8F692600F872C1 /* Build configuration list for PBXNativeTarget "RaiseManTests" */ = {
			isa = XCConfigurationList;
			buildConfigurations = (
				4C69346F1A8F692600F872C1 /* Debug */,
				4C6934701A8F692600F872C1 /* Release */,
			);
			defaultConfigurationIsVisible = 0;
			defaultConfigurationName = Release;
		};
/* End XCConfigurationList section */
	};
	rootObject = 4C6934441A8F692500F872C1 /* Project object */;
}
