// !$*UTF8*$!
{
	archiveVersion = 1;
	classes = {
	};
	objectVersion = 46;
	objects = {

/* Begin PBXBuildFile section */
		4C6934291A8F52F600F872C1 /* AppDelegate.swift in Sources */ = {isa = PBXBuildFile; fileRef = 4C6934281A8F52F600F872C1 /* AppDelegate.swift */; };
		4C69342B1A8F52F600F872C1 /* Images.xcassets in Resources */ = {isa = PBXBuildFile; fileRef = 4C69342A1A8F52F600F872C1 /* Images.xcassets */; };
		4C69342E1A8F52F600F872C1 /* MainMenu.xib in Resources */ = {isa = PBXBuildFile; fileRef = 4C69342C1A8F52F600F872C1 /* MainMenu.xib */; };
		4C69343A1A8F52F600F872C1 /* KvcFunTests.swift in Sources */ = {isa = PBXBuildFile; fileRef = 4C6934391A8F52F600F872C1 /* KvcFunTests.swift */; };
/* End PBXBuildFile section */

/* Begin PBXContainerItemProxy section */
		4C6934341A8F52F600F872C1 /* PBXContainerItemProxy */ = {
			isa = PBXContainerItemProxy;
			containerPortal = 4C69341B1A8F52F600F872C1 /* Project object */;
			proxyType = 1;
			remoteGlobalIDString = 4C6934221A8F52F600F872C1;
			remoteInfo = KvcFun;
		};
/* End PBXContainerItemProxy section */

/* Begin PBXFileReference section */
		4C6934231A8F52F600F872C1 /* KvcFun.app */ = {isa = PBXFileReference; explicitFileType = wrapper.application; includeInIndex = 0; path = KvcFun.app; sourceTree = BUILT_PRODUCTS_DIR; };
		4C6934271A8F52F600F872C1 /* Info.plist */ = {isa = PBXFileReference; lastKnownFileType = text.plist.xml; path = Info.plist; sourceTree = "<group>"; };
		4C6934281A8F52F600F872C1 /* AppDelegate.swift */ = {isa = PBXFileReference; lastKnownFileType = sourcecode.swift; path = AppDelegate.swift; sourceTree = "<group>"; };
		4C69342A1A8F52F600F872C1 /* Images.xcassets */ = {isa = PBXFileReference; lastKnownFileType = folder.assetcatalog; path = Images.xcassets; sourceTree = "<group>"; };
		4C69342D1A8F52F600F872C1 /* Base */ = {isa = PBXFileReference; lastKnownFileType = file.xib; name = Base; path = Base.lproj/MainMenu.xib; sourceTree = "<group>"; };
		4C6934331A8F52F600F872C1 /* KvcFunTests.xctest */ = {isa = PBXFileReference; explicitFileType = wrapper.cfbundle; includeInIndex = 0; path = KvcFunTests.xctest; sourceTree = BUILT_PRODUCTS_DIR; };
		4C6934381A8F52F600F872C1 /* Info.plist */ = {isa = PBXFileReference; lastKnownFileType = text.plist.xml; path = Info.plist; sourceTree = "<group>"; };
		4C6934391A8F52F600F872C1 /* KvcFunTests.swift */ = {isa = PBXFileReference; lastKnownFileType = sourcecode.swift; path = KvcFunTests.swift; sourceTree = "<group>"; };
/* End PBXFileReference section */

/* Begin PBXFrameworksBuildPhase section */
		4C6934201A8F52F600F872C1 /* Frameworks */ = {
			isa = PBXFrameworksBuildPhase;
			buildActionMask = 2147483647;
			files = (
			);
			runOnlyForDeploymentPostprocessing = 0;
		};
		4C6934301A8F52F600F872C1 /* Frameworks */ = {
			isa = PBXFrameworksBuildPhase;
			buildActionMask = 2147483647;
			files = (
			);
			runOnlyForDeploymentPostprocessing = 0;
		};
/* End PBXFrameworksBuildPhase section */

/* Begin PBXGroup section */
		4C69341A1A8F52F600F872C1 = {
			isa = PBXGroup;
			children = (
				4C6934251A8F52F600F872C1 /* KvcFun */,
				4C6934361A8F52F600F872C1 /* KvcFunTests */,
				4C6934241A8F52F600F872C1 /* Products */,
			);
			sourceTree = "<group>";
		};
		4C6934241A8F52F600F872C1 /* Products */ = {
			isa = PBXGroup;
			children = (
				4C6934231A8F52F600F872C1 /* KvcFun.app */,
				4C6934331A8F52F600F872C1 /* KvcFunTests.xctest */,
			);
			name = Products;
			sourceTree = "<group>";
		};
		4C6934251A8F52F600F872C1 /* KvcFun */ = {
			isa = PBXGroup;
			children = (
				4C6934281A8F52F600F872C1 /* AppDelegate.swift */,
				4C69342A1A8F52F600F872C1 /* Images.xcassets */,
				4C69342C1A8F52F600F872C1 /* MainMenu.xib */,
				4C6934261A8F52F600F872C1 /* Supporting Files */,
			);
			path = KvcFun;
			sourceTree = "<group>";
		};
		4C6934261A8F52F600F872C1 /* Supporting Files */ = {
			isa = PBXGroup;
			children = (
				4C6934271A8F52F600F872C1 /* Info.plist */,
			);
			name = "Supporting Files";
			sourceTree = "<group>";
		};
		4C6934361A8F52F600F872C1 /* KvcFunTests */ = {
			isa = PBXGroup;
			children = (
				4C6934391A8F52F600F872C1 /* KvcFunTests.swift */,
				4C6934371A8F52F600F872C1 /* Supporting Files */,
			);
			path = KvcFunTests;
			sourceTree = "<group>";
		};
		4C6934371A8F52F600F872C1 /* Supporting Files */ = {
			isa = PBXGroup;
			children = (
				4C6934381A8F52F600F872C1 /* Info.plist */,
			);
			name = "Supporting Files";
			sourceTree = "<group>";
		};
/* End PBXGroup section */

/* Begin PBXNativeTarget section */
		4C6934221A8F52F600F872C1 /* KvcFun */ = {
			isa = PBXNativeTarget;
			buildConfigurationList = 4C69343D1A8F52F600F872C1 /* Build configuration list for PBXNativeTarget "KvcFun" */;
			buildPhases = (
				4C69341F1A8F52F600F872C1 /* Sources */,
				4C6934201A8F52F600F872C1 /* Frameworks */,
				4C6934211A8F52F600F872C1 /* Resources */,
			);
			buildRules = (
			);
			dependencies = (
			);
			name = KvcFun;
			productName = KvcFun;
			productReference = 4C6934231A8F52F600F872C1 /* KvcFun.app */;
			productType = "com.apple.product-type.application";
		};
		4C6934321A8F52F600F872C1 /* KvcFunTests */ = {
			isa = PBXNativeTarget;
			buildConfigurationList = 4C6934401A8F52F600F872C1 /* Build configuration list for PBXNativeTarget "KvcFunTests" */;
			buildPhases = (
				4C69342F1A8F52F600F872C1 /* Sources */,
				4C6934301A8F52F600F872C1 /* Frameworks */,
				4C6934311A8F52F600F872C1 /* Resources */,
			);
			buildRules = (
			);
			dependencies = (
				4C6934351A8F52F600F872C1 /* PBXTargetDependency */,
			);
			name = KvcFunTests;
			productName = KvcFunTests;
			productReference = 4C6934331A8F52F600F872C1 /* KvcFunTests.xctest */;
			productType = "com.apple.product-type.bundle.unit-test";
		};
/* End PBXNativeTarget section */

/* Begin PBXProject section */
		4C69341B1A8F52F600F872C1 /* Project object */ = {
			isa = PBXProject;
			attributes = {
				LastUpgradeCheck = 0610;
				ORGANIZATIONNAME = michael;
				TargetAttributes = {
					4C6934221A8F52F600F872C1 = {
						CreatedOnToolsVersion = 6.1.1;
					};
					4C6934321A8F52F600F872C1 = {
						CreatedOnToolsVersion = 6.1.1;
						TestTargetID = 4C6934221A8F52F600F872C1;
					};
				};
			};
			buildConfigurationList = 4C69341E1A8F52F600F872C1 /* Build configuration list for PBXProject "KvcFun" */;
			compatibilityVersion = "Xcode 3.2";
			developmentRegion = English;
			hasScannedForEncodings = 0;
			knownRegions = (
				en,
				Base,
			);
			mainGroup = 4C69341A1A8F52F600F872C1;
			productRefGroup = 4C6934241A8F52F600F872C1 /* Products */;
			projectDirPath = "";
			projectRoot = "";
			targets = (
				4C6934221A8F52F600F872C1 /* KvcFun */,
				4C6934321A8F52F600F872C1 /* KvcFunTests */,
			);
		};
/* End PBXProject section */

/* Begin PBXResourcesBuildPhase section */
		4C6934211A8F52F600F872C1 /* Resources */ = {
			isa = PBXResourcesBuildPhase;
			buildActionMask = 2147483647;
			files = (
				4C69342B1A8F52F600F872C1 /* Images.xcassets in Resources */,
				4C69342E1A8F52F600F872C1 /* MainMenu.xib in Resources */,
			);
			runOnlyForDeploymentPostprocessing = 0;
		};
		4C6934311A8F52F600F872C1 /* Resources */ = {
			isa = PBXResourcesBuildPhase;
			buildActionMask = 2147483647;
			files = (
			);
			runOnlyForDeploymentPostprocessing = 0;
		};
/* End PBXResourcesBuildPhase section */

/* Begin PBXSourcesBuildPhase section */
		4C69341F1A8F52F600F872C1 /* Sources */ = {
			isa = PBXSourcesBuildPhase;
			buildActionMask = 2147483647;
			files = (
				4C6934291A8F52F600F872C1 /* AppDelegate.swift in Sources */,
			);
			runOnlyForDeploymentPostprocessing = 0;
		};
		4C69342F1A8F52F600F872C1 /* Sources */ = {
			isa = PBXSourcesBuildPhase;
			buildActionMask = 2147483647;
			files = (
				4C69343A1A8F52F600F872C1 /* KvcFunTests.swift in Sources */,
			);
			runOnlyForDeploymentPostprocessing = 0;
		};
/* End PBXSourcesBuildPhase section */

/* Begin PBXTargetDependency section */
		4C6934351A8F52F600F872C1 /* PBXTargetDependency */ = {
			isa = PBXTargetDependency;
			target = 4C6934221A8F52F600F872C1 /* KvcFun */;
			targetProxy = 4C6934341A8F52F600F872C1 /* PBXContainerItemProxy */;
		};
/* End PBXTargetDependency section */

/* Begin PBXVariantGroup section */
		4C69342C1A8F52F600F872C1 /* MainMenu.xib */ = {
			isa = PBXVariantGroup;
			children = (
				4C69342D1A8F52F600F872C1 /* Base */,
			);
			name = MainMenu.xib;
			sourceTree = "<group>";
		};
/* End PBXVariantGroup section */

/* Begin XCBuildConfiguration section */
		4C69343B1A8F52F600F872C1 /* Debug */ = {
			isa = XCBuildConfiguration;
			buildSettings = {
				ALWAYS_SEARCH_USER_PATHS = NO;
				CLANG_CXX_LANGUAGE_STANDARD = "gnu++0x";
				CLANG_CXX_LIBRARY = "libc++";
				CLANG_ENABLE_MODULES = YES;
				CLANG_ENABLE_OBJC_ARC = YES;
				CLANG_WARN_BOOL_CONVERSION = YES;
				CLANG_WARN_CONSTANT_CONVERSION = YES;
				CLANG_WARN_DIRECT_OBJC_ISA_USAGE = YES_ERROR;
				CLANG_WARN_EMPTY_BODY = YES;
				CLANG_WARN_ENUM_CONVERSION = YES;
				CLANG_WARN_INT_CONVERSION = YES;
				CLANG_WARN_OBJC_ROOT_CLASS = YES_ERROR;
				CLANG_WARN_UNREACHABLE_CODE = YES;
				CLANG_WARN__DUPLICATE_METHOD_MATCH = YES;
				CODE_SIGN_IDENTITY = "-";
				COPY_PHASE_STRIP = NO;
				ENABLE_STRICT_OBJC_MSGSEND = YES;
				GCC_C_LANGUAGE_STANDARD = gnu99;
				GCC_DYNAMIC_NO_PIC = NO;
				GCC_OPTIMIZATION_LEVEL = 0;
				GCC_PREPROCESSOR_DEFINITIONS = (
					"DEBUG=1",
					"$(inherited)",
				);
				GCC_SYMBOLS_PRIVATE_EXTERN = NO;
				GCC_WARN_64_TO_32_BIT_CONVERSION = YES;
				GCC_WARN_ABOUT_RETURN_TYPE = YES_ERROR;
				GCC_WARN_UNDECLARED_SELECTOR = YES;
				GCC_WARN_UNINITIALIZED_AUTOS = YES_AGGRESSIVE;
				GCC_WARN_UNUSED_FUNCTION = YES;
				GCC_WARN_UNUSED_VARIABLE = YES;
				MACOSX_DEPLOYMENT_TARGET = 10.10;
				MTL_ENABLE_DEBUG_INFO = YES;
				ONLY_ACTIVE_ARCH = YES;
				SDKROOT = macosx;
				SWIFT_OPTIMIZATION_LEVEL = "-Onone";
			};
			name = Debug;
		};
		4C69343C1A8F52F600F872C1 /* Release */ = {
			isa = XCBuildConfiguration;
			buildSettings = {
				ALWAYS_SEARCH_USER_PATHS = NO;
				CLANG_CXX_LANGUAGE_STANDARD = "gnu++0x";
				CLANG_CXX_LIBRARY = "libc++";
				CLANG_ENABLE_MODULES = YES;
				CLANG_ENABLE_OBJC_ARC = YES;
				CLANG_WARN_BOOL_CONVERSION = YES;
				CLANG_WARN_CONSTANT_CONVERSION = YES;
				CLANG_WARN_DIRECT_OBJC_ISA_USAGE = YES_ERROR;
				CLANG_WARN_EMPTY_BODY = YES;
				CLANG_WARN_ENUM_CONVERSION = YES;
				CLANG_WARN_INT_CONVERSION = YES;
				CLANG_WARN_OBJC_ROOT_CLASS = YES_ERROR;
				CLANG_WARN_UNREACHABLE_CODE = YES;
				CLANG_WARN__DUPLICATE_METHOD_MATCH = YES;
				CODE_SIGN_IDENTITY = "-";
				COPY_PHASE_STRIP = YES;
				DEBUG_INFORMATION_FORMAT = "dwarf-with-dsym";
				ENABLE_NS_ASSERTIONS = NO;
				ENABLE_STRICT_OBJC_MSGSEND = YES;
				GCC_C_LANGUAGE_STANDARD = gnu99;
				GCC_WARN_64_TO_32_BIT_CONVERSION = YES;
				GCC_WARN_ABOUT_RETURN_TYPE = YES_ERROR;
				GCC_WARN_UNDECLARED_SELECTOR = YES;
				GCC_WARN_UNINITIALIZED_AUTOS = YES_AGGRESSIVE;
				GCC_WARN_UNUSED_FUNCTION = YES;
				GCC_WARN_UNUSED_VARIABLE = YES;
				MACOSX_DEPLOYMENT_TARGET = 10.10;
				MTL_ENABLE_DEBUG_INFO = NO;
				SDKROOT = macosx;
			};
			name = Release;
		};
		4C69343E1A8F52F600F872C1 /* Debug */ = {
			isa = XCBuildConfiguration;
			buildSettings = {
				ASSETCATALOG_COMPILER_APPICON_NAME = AppIcon;
				COMBINE_HIDPI_IMAGES = YES;
				INFOPLIST_FILE = KvcFun/Info.plist;
				LD_RUNPATH_SEARCH_PATHS = "$(inherited) @executable_path/../Frameworks";
				PRODUCT_NAME = "$(TARGET_NAME)";
			};
			name = Debug;
		};
		4C69343F1A8F52F600F872C1 /* Release */ = {
			isa = XCBuildConfiguration;
			buildSettings = {
				ASSETCATALOG_COMPILER_APPICON_NAME = AppIcon;
				COMBINE_HIDPI_IMAGES = YES;
				INFOPLIST_FILE = KvcFun/Info.plist;
				LD_RUNPATH_SEARCH_PATHS = "$(inherited) @executable_path/../Frameworks";
				PRODUCT_NAME = "$(TARGET_NAME)";
			};
			name = Release;
		};
		4C6934411A8F52F600F872C1 /* Debug */ = {
			isa = XCBuildConfiguration;
			buildSettings = {
				BUNDLE_LOADER = "$(TEST_HOST)";
				COMBINE_HIDPI_IMAGES = YES;
				FRAMEWORK_SEARCH_PATHS = (
					"$(DEVELOPER_FRAMEWORKS_DIR)",
					"$(inherited)",
				);
				GCC_PREPROCESSOR_DEFINITIONS = (
					"DEBUG=1",
					"$(inherited)",
				);
				INFOPLIST_FILE = KvcFunTests/Info.plist;
				LD_RUNPATH_SEARCH_PATHS = "$(inherited) @executable_path/../Frameworks @loader_path/../Frameworks";
				PRODUCT_NAME = "$(TARGET_NAME)";
				TEST_HOST = "$(BUILT_PRODUCTS_DIR)/KvcFun.app/Contents/MacOS/KvcFun";
			};
			name = Debug;
		};
		4C6934421A8F52F600F872C1 /* Release */ = {
			isa = XCBuildConfiguration;
			buildSettings = {
				BUNDLE_LOADER = "$(TEST_HOST)";
				COMBINE_HIDPI_IMAGES = YES;
				FRAMEWORK_SEARCH_PATHS = (
					"$(DEVELOPER_FRAMEWORKS_DIR)",
					"$(inherited)",
				);
				INFOPLIST_FILE = KvcFunTests/Info.plist;
				LD_RUNPATH_SEARCH_PATHS = "$(inherited) @executable_path/../Frameworks @loader_path/../Frameworks";
				PRODUCT_NAME = "$(TARGET_NAME)";
				TEST_HOST = "$(BUILT_PRODUCTS_DIR)/KvcFun.app/Contents/MacOS/KvcFun";
			};
			name = Release;
		};
/* End XCBuildConfiguration section */

/* Begin XCConfigurationList section */
		4C69341E1A8F52F600F872C1 /* Build configuration list for PBXProject "KvcFun" */ = {
			isa = XCConfigurationList;
			buildConfigurations = (
				4C69343B1A8F52F600F872C1 /* Debug */,
				4C69343C1A8F52F600F872C1 /* Release */,
			);
			defaultConfigurationIsVisible = 0;
			defaultConfigurationName = Release;
		};
		4C69343D1A8F52F600F872C1 /* Build configuration list for PBXNativeTarget "KvcFun" */ = {
			isa = XCConfigurationList;
			buildConfigurations = (
				4C69343E1A8F52F600F872C1 /* Debug */,
				4C69343F1A8F52F600F872C1 /* Release */,
			);
			defaultConfigurationIsVisible = 0;
		};
		4C6934401A8F52F600F872C1 /* Build configuration list for PBXNativeTarget "KvcFunTests" */ = {
			isa = XCConfigurationList;
			buildConfigurations = (
				4C6934411A8F52F600F872C1 /* Debug */,
				4C6934421A8F52F600F872C1 /* Release */,
			);
			defaultConfigurationIsVisible = 0;
		};
/* End XCConfigurationList section */
	};
	rootObject = 4C69341B1A8F52F600F872C1 /* Project object */;
}
