// !$*UTF8*$!
{
	archiveVersion = 1;
	classes = {
	};
	objectVersion = 46;
	objects = {

/* Begin PBXBuildFile section */
		4C6933D51A8EFB4900F872C1 /* AppDelegate.swift in Sources */ = {isa = PBXBuildFile; fileRef = 4C6933D41A8EFB4900F872C1 /* AppDelegate.swift */; };
		4C6933D71A8EFB4900F872C1 /* Images.xcassets in Resources */ = {isa = PBXBuildFile; fileRef = 4C6933D61A8EFB4900F872C1 /* Images.xcassets */; };
		4C6933DA1A8EFB4900F872C1 /* MainMenu.xib in Resources */ = {isa = PBXBuildFile; fileRef = 4C6933D81A8EFB4900F872C1 /* MainMenu.xib */; };
		4C6933E61A8EFB4A00F872C1 /* RandomTests.swift in Sources */ = {isa = PBXBuildFile; fileRef = 4C6933E51A8EFB4A00F872C1 /* RandomTests.swift */; };
		4C6933F01A8EFD6200F872C1 /* RandomController.swift in Sources */ = {isa = PBXBuildFile; fileRef = 4C6933EF1A8EFD6200F872C1 /* RandomController.swift */; };
/* End PBXBuildFile section */

/* Begin PBXContainerItemProxy section */
		4C6933E01A8EFB4A00F872C1 /* PBXContainerItemProxy */ = {
			isa = PBXContainerItemProxy;
			containerPortal = 4C6933C71A8EFB4900F872C1 /* Project object */;
			proxyType = 1;
			remoteGlobalIDString = 4C6933CE1A8EFB4900F872C1;
			remoteInfo = Random;
		};
/* End PBXContainerItemProxy section */

/* Begin PBXFileReference section */
		4C6933CF1A8EFB4900F872C1 /* Random.app */ = {isa = PBXFileReference; explicitFileType = wrapper.application; includeInIndex = 0; path = Random.app; sourceTree = BUILT_PRODUCTS_DIR; };
		4C6933D31A8EFB4900F872C1 /* Info.plist */ = {isa = PBXFileReference; lastKnownFileType = text.plist.xml; path = Info.plist; sourceTree = "<group>"; };
		4C6933D41A8EFB4900F872C1 /* AppDelegate.swift */ = {isa = PBXFileReference; lastKnownFileType = sourcecode.swift; path = AppDelegate.swift; sourceTree = "<group>"; };
		4C6933D61A8EFB4900F872C1 /* Images.xcassets */ = {isa = PBXFileReference; lastKnownFileType = folder.assetcatalog; path = Images.xcassets; sourceTree = "<group>"; };
		4C6933D91A8EFB4900F872C1 /* Base */ = {isa = PBXFileReference; lastKnownFileType = file.xib; name = Base; path = Base.lproj/MainMenu.xib; sourceTree = "<group>"; };
		4C6933DF1A8EFB4A00F872C1 /* RandomTests.xctest */ = {isa = PBXFileReference; explicitFileType = wrapper.cfbundle; includeInIndex = 0; path = RandomTests.xctest; sourceTree = BUILT_PRODUCTS_DIR; };
		4C6933E41A8EFB4A00F872C1 /* Info.plist */ = {isa = PBXFileReference; lastKnownFileType = text.plist.xml; path = Info.plist; sourceTree = "<group>"; };
		4C6933E51A8EFB4A00F872C1 /* RandomTests.swift */ = {isa = PBXFileReference; lastKnownFileType = sourcecode.swift; path = RandomTests.swift; sourceTree = "<group>"; };
		4C6933EF1A8EFD6200F872C1 /* RandomController.swift */ = {isa = PBXFileReference; fileEncoding = 4; lastKnownFileType = sourcecode.swift; path = RandomController.swift; sourceTree = "<group>"; };
/* End PBXFileReference section */

/* Begin PBXFrameworksBuildPhase section */
		4C6933CC1A8EFB4900F872C1 /* Frameworks */ = {
			isa = PBXFrameworksBuildPhase;
			buildActionMask = 2147483647;
			files = (
			);
			runOnlyForDeploymentPostprocessing = 0;
		};
		4C6933DC1A8EFB4A00F872C1 /* Frameworks */ = {
			isa = PBXFrameworksBuildPhase;
			buildActionMask = 2147483647;
			files = (
			);
			runOnlyForDeploymentPostprocessing = 0;
		};
/* End PBXFrameworksBuildPhase section */

/* Begin PBXGroup section */
		4C6933C61A8EFB4900F872C1 = {
			isa = PBXGroup;
			children = (
				4C6933D11A8EFB4900F872C1 /* Random */,
				4C6933E21A8EFB4A00F872C1 /* RandomTests */,
				4C6933D01A8EFB4900F872C1 /* Products */,
			);
			sourceTree = "<group>";
		};
		4C6933D01A8EFB4900F872C1 /* Products */ = {
			isa = PBXGroup;
			children = (
				4C6933CF1A8EFB4900F872C1 /* Random.app */,
				4C6933DF1A8EFB4A00F872C1 /* RandomTests.xctest */,
			);
			name = Products;
			sourceTree = "<group>";
		};
		4C6933D11A8EFB4900F872C1 /* Random */ = {
			isa = PBXGroup;
			children = (
				4C6933D41A8EFB4900F872C1 /* AppDelegate.swift */,
				4C6933EF1A8EFD6200F872C1 /* RandomController.swift */,
				4C6933D61A8EFB4900F872C1 /* Images.xcassets */,
				4C6933D81A8EFB4900F872C1 /* MainMenu.xib */,
				4C6933D21A8EFB4900F872C1 /* Supporting Files */,
			);
			path = Random;
			sourceTree = "<group>";
		};
		4C6933D21A8EFB4900F872C1 /* Supporting Files */ = {
			isa = PBXGroup;
			children = (
				4C6933D31A8EFB4900F872C1 /* Info.plist */,
			);
			name = "Supporting Files";
			sourceTree = "<group>";
		};
		4C6933E21A8EFB4A00F872C1 /* RandomTests */ = {
			isa = PBXGroup;
			children = (
				4C6933E51A8EFB4A00F872C1 /* RandomTests.swift */,
				4C6933E31A8EFB4A00F872C1 /* Supporting Files */,
			);
			path = RandomTests;
			sourceTree = "<group>";
		};
		4C6933E31A8EFB4A00F872C1 /* Supporting Files */ = {
			isa = PBXGroup;
			children = (
				4C6933E41A8EFB4A00F872C1 /* Info.plist */,
			);
			name = "Supporting Files";
			sourceTree = "<group>";
		};
/* End PBXGroup section */

/* Begin PBXNativeTarget section */
		4C6933CE1A8EFB4900F872C1 /* Random */ = {
			isa = PBXNativeTarget;
			buildConfigurationList = 4C6933E91A8EFB4A00F872C1 /* Build configuration list for PBXNativeTarget "Random" */;
			buildPhases = (
				4C6933CB1A8EFB4900F872C1 /* Sources */,
				4C6933CC1A8EFB4900F872C1 /* Frameworks */,
				4C6933CD1A8EFB4900F872C1 /* Resources */,
			);
			buildRules = (
			);
			dependencies = (
			);
			name = Random;
			productName = Random;
			productReference = 4C6933CF1A8EFB4900F872C1 /* Random.app */;
			productType = "com.apple.product-type.application";
		};
		4C6933DE1A8EFB4A00F872C1 /* RandomTests */ = {
			isa = PBXNativeTarget;
			buildConfigurationList = 4C6933EC1A8EFB4A00F872C1 /* Build configuration list for PBXNativeTarget "RandomTests" */;
			buildPhases = (
				4C6933DB1A8EFB4A00F872C1 /* Sources */,
				4C6933DC1A8EFB4A00F872C1 /* Frameworks */,
				4C6933DD1A8EFB4A00F872C1 /* Resources */,
			);
			buildRules = (
			);
			dependencies = (
				4C6933E11A8EFB4A00F872C1 /* PBXTargetDependency */,
			);
			name = RandomTests;
			productName = RandomTests;
			productReference = 4C6933DF1A8EFB4A00F872C1 /* RandomTests.xctest */;
			productType = "com.apple.product-type.bundle.unit-test";
		};
/* End PBXNativeTarget section */

/* Begin PBXProject section */
		4C6933C71A8EFB4900F872C1 /* Project object */ = {
			isa = PBXProject;
			attributes = {
				LastUpgradeCheck = 0610;
				ORGANIZATIONNAME = michael;
				TargetAttributes = {
					4C6933CE1A8EFB4900F872C1 = {
						CreatedOnToolsVersion = 6.1.1;
					};
					4C6933DE1A8EFB4A00F872C1 = {
						CreatedOnToolsVersion = 6.1.1;
						TestTargetID = 4C6933CE1A8EFB4900F872C1;
					};
				};
			};
			buildConfigurationList = 4C6933CA1A8EFB4900F872C1 /* Build configuration list for PBXProject "Random" */;
			compatibilityVersion = "Xcode 3.2";
			developmentRegion = English;
			hasScannedForEncodings = 0;
			knownRegions = (
				en,
				Base,
			);
			mainGroup = 4C6933C61A8EFB4900F872C1;
			productRefGroup = 4C6933D01A8EFB4900F872C1 /* Products */;
			projectDirPath = "";
			projectRoot = "";
			targets = (
				4C6933CE1A8EFB4900F872C1 /* Random */,
				4C6933DE1A8EFB4A00F872C1 /* RandomTests */,
			);
		};
/* End PBXProject section */

/* Begin PBXResourcesBuildPhase section */
		4C6933CD1A8EFB4900F872C1 /* Resources */ = {
			isa = PBXResourcesBuildPhase;
			buildActionMask = 2147483647;
			files = (
				4C6933D71A8EFB4900F872C1 /* Images.xcassets in Resources */,
				4C6933DA1A8EFB4900F872C1 /* MainMenu.xib in Resources */,
			);
			runOnlyForDeploymentPostprocessing = 0;
		};
		4C6933DD1A8EFB4A00F872C1 /* Resources */ = {
			isa = PBXResourcesBuildPhase;
			buildActionMask = 2147483647;
			files = (
			);
			runOnlyForDeploymentPostprocessing = 0;
		};
/* End PBXResourcesBuildPhase section */

/* Begin PBXSourcesBuildPhase section */
		4C6933CB1A8EFB4900F872C1 /* Sources */ = {
			isa = PBXSourcesBuildPhase;
			buildActionMask = 2147483647;
			files = (
				4C6933F01A8EFD6200F872C1 /* RandomController.swift in Sources */,
				4C6933D51A8EFB4900F872C1 /* AppDelegate.swift in Sources */,
			);
			runOnlyForDeploymentPostprocessing = 0;
		};
		4C6933DB1A8EFB4A00F872C1 /* Sources */ = {
			isa = PBXSourcesBuildPhase;
			buildActionMask = 2147483647;
			files = (
				4C6933E61A8EFB4A00F872C1 /* RandomTests.swift in Sources */,
			);
			runOnlyForDeploymentPostprocessing = 0;
		};
/* End PBXSourcesBuildPhase section */

/* Begin PBXTargetDependency section */
		4C6933E11A8EFB4A00F872C1 /* PBXTargetDependency */ = {
			isa = PBXTargetDependency;
			target = 4C6933CE1A8EFB4900F872C1 /* Random */;
			targetProxy = 4C6933E01A8EFB4A00F872C1 /* PBXContainerItemProxy */;
		};
/* End PBXTargetDependency section */

/* Begin PBXVariantGroup section */
		4C6933D81A8EFB4900F872C1 /* MainMenu.xib */ = {
			isa = PBXVariantGroup;
			children = (
				4C6933D91A8EFB4900F872C1 /* Base */,
			);
			name = MainMenu.xib;
			sourceTree = "<group>";
		};
/* End PBXVariantGroup section */

/* Begin XCBuildConfiguration section */
		4C6933E71A8EFB4A00F872C1 /* Debug */ = {
			isa = XCBuildConfiguration;
			buildSettings = {
				ALWAYS_SEARCH_USER_PATHS = NO;
				CLANG_CXX_LANGUAGE_STANDARD = "gnu++0x";
				CLANG_CXX_LIBRARY = "libc++";
				CLANG_ENABLE_MODULES = YES;
				CLANG_ENABLE_OBJC_ARC = YES;
				CLANG_WARN_BOOL_CONVERSION = YES;
				CLANG_WARN_CONSTANT_CONVERSION = YES;
				CLANG_WARN_DIRECT_OBJC_ISA_USAGE = YES_ERROR;
				CLANG_WARN_EMPTY_BODY = YES;
				CLANG_WARN_ENUM_CONVERSION = YES;
				CLANG_WARN_INT_CONVERSION = YES;
				CLANG_WARN_OBJC_ROOT_CLASS = YES_ERROR;
				CLANG_WARN_UNREACHABLE_CODE = YES;
				CLANG_WARN__DUPLICATE_METHOD_MATCH = YES;
				CODE_SIGN_IDENTITY = "-";
				COPY_PHASE_STRIP = NO;
				ENABLE_STRICT_OBJC_MSGSEND = YES;
				GCC_C_LANGUAGE_STANDARD = gnu99;
				GCC_DYNAMIC_NO_PIC = NO;
				GCC_OPTIMIZATION_LEVEL = 0;
				GCC_PREPROCESSOR_DEFINITIONS = (
					"DEBUG=1",
					"$(inherited)",
				);
				GCC_SYMBOLS_PRIVATE_EXTERN = NO;
				GCC_WARN_64_TO_32_BIT_CONVERSION = YES;
				GCC_WARN_ABOUT_RETURN_TYPE = YES_ERROR;
				GCC_WARN_UNDECLARED_SELECTOR = YES;
				GCC_WARN_UNINITIALIZED_AUTOS = YES_AGGRESSIVE;
				GCC_WARN_UNUSED_FUNCTION = YES;
				GCC_WARN_UNUSED_VARIABLE = YES;
				MACOSX_DEPLOYMENT_TARGET = 10.10;
				MTL_ENABLE_DEBUG_INFO = YES;
				ONLY_ACTIVE_ARCH = YES;
				SDKROOT = macosx;
				SWIFT_OPTIMIZATION_LEVEL = "-Onone";
			};
			name = Debug;
		};
		4C6933E81A8EFB4A00F872C1 /* Release */ = {
			isa = XCBuildConfiguration;
			buildSettings = {
				ALWAYS_SEARCH_USER_PATHS = NO;
				CLANG_CXX_LANGUAGE_STANDARD = "gnu++0x";
				CLANG_CXX_LIBRARY = "libc++";
				CLANG_ENABLE_MODULES = YES;
				CLANG_ENABLE_OBJC_ARC = YES;
				CLANG_WARN_BOOL_CONVERSION = YES;
				CLANG_WARN_CONSTANT_CONVERSION = YES;
				CLANG_WARN_DIRECT_OBJC_ISA_USAGE = YES_ERROR;
				CLANG_WARN_EMPTY_BODY = YES;
				CLANG_WARN_ENUM_CONVERSION = YES;
				CLANG_WARN_INT_CONVERSION = YES;
				CLANG_WARN_OBJC_ROOT_CLASS = YES_ERROR;
				CLANG_WARN_UNREACHABLE_CODE = YES;
				CLANG_WARN__DUPLICATE_METHOD_MATCH = YES;
				CODE_SIGN_IDENTITY = "-";
				COPY_PHASE_STRIP = YES;
				DEBUG_INFORMATION_FORMAT = "dwarf-with-dsym";
				ENABLE_NS_ASSERTIONS = NO;
				ENABLE_STRICT_OBJC_MSGSEND = YES;
				GCC_C_LANGUAGE_STANDARD = gnu99;
				GCC_WARN_64_TO_32_BIT_CONVERSION = YES;
				GCC_WARN_ABOUT_RETURN_TYPE = YES_ERROR;
				GCC_WARN_UNDECLARED_SELECTOR = YES;
				GCC_WARN_UNINITIALIZED_AUTOS = YES_AGGRESSIVE;
				GCC_WARN_UNUSED_FUNCTION = YES;
				GCC_WARN_UNUSED_VARIABLE = YES;
				MACOSX_DEPLOYMENT_TARGET = 10.10;
				MTL_ENABLE_DEBUG_INFO = NO;
				SDKROOT = macosx;
			};
			name = Release;
		};
		4C6933EA1A8EFB4A00F872C1 /* Debug */ = {
			isa = XCBuildConfiguration;
			buildSettings = {
				ASSETCATALOG_COMPILER_APPICON_NAME = AppIcon;
				COMBINE_HIDPI_IMAGES = YES;
				INFOPLIST_FILE = Random/Info.plist;
				LD_RUNPATH_SEARCH_PATHS = "$(inherited) @executable_path/../Frameworks";
				PRODUCT_NAME = "$(TARGET_NAME)";
			};
			name = Debug;
		};
		4C6933EB1A8EFB4A00F872C1 /* Release */ = {
			isa = XCBuildConfiguration;
			buildSettings = {
				ASSETCATALOG_COMPILER_APPICON_NAME = AppIcon;
				COMBINE_HIDPI_IMAGES = YES;
				INFOPLIST_FILE = Random/Info.plist;
				LD_RUNPATH_SEARCH_PATHS = "$(inherited) @executable_path/../Frameworks";
				PRODUCT_NAME = "$(TARGET_NAME)";
			};
			name = Release;
		};
		4C6933ED1A8EFB4A00F872C1 /* Debug */ = {
			isa = XCBuildConfiguration;
			buildSettings = {
				BUNDLE_LOADER = "$(TEST_HOST)";
				COMBINE_HIDPI_IMAGES = YES;
				FRAMEWORK_SEARCH_PATHS = (
					"$(DEVELOPER_FRAMEWORKS_DIR)",
					"$(inherited)",
				);
				GCC_PREPROCESSOR_DEFINITIONS = (
					"DEBUG=1",
					"$(inherited)",
				);
				INFOPLIST_FILE = RandomTests/Info.plist;
				LD_RUNPATH_SEARCH_PATHS = "$(inherited) @executable_path/../Frameworks @loader_path/../Frameworks";
				PRODUCT_NAME = "$(TARGET_NAME)";
				TEST_HOST = "$(BUILT_PRODUCTS_DIR)/Random.app/Contents/MacOS/Random";
			};
			name = Debug;
		};
		4C6933EE1A8EFB4A00F872C1 /* Release */ = {
			isa = XCBuildConfiguration;
			buildSettings = {
				BUNDLE_LOADER = "$(TEST_HOST)";
				COMBINE_HIDPI_IMAGES = YES;
				FRAMEWORK_SEARCH_PATHS = (
					"$(DEVELOPER_FRAMEWORKS_DIR)",
					"$(inherited)",
				);
				INFOPLIST_FILE = RandomTests/Info.plist;
				LD_RUNPATH_SEARCH_PATHS = "$(inherited) @executable_path/../Frameworks @loader_path/../Frameworks";
				PRODUCT_NAME = "$(TARGET_NAME)";
				TEST_HOST = "$(BUILT_PRODUCTS_DIR)/Random.app/Contents/MacOS/Random";
			};
			name = Release;
		};
/* End XCBuildConfiguration section */

/* Begin XCConfigurationList section */
		4C6933CA1A8EFB4900F872C1 /* Build configuration list for PBXProject "Random" */ = {
			isa = XCConfigurationList;
			buildConfigurations = (
				4C6933E71A8EFB4A00F872C1 /* Debug */,
				4C6933E81A8EFB4A00F872C1 /* Release */,
			);
			defaultConfigurationIsVisible = 0;
			defaultConfigurationName = Release;
		};
		4C6933E91A8EFB4A00F872C1 /* Build configuration list for PBXNativeTarget "Random" */ = {
			isa = XCConfigurationList;
			buildConfigurations = (
				4C6933EA1A8EFB4A00F872C1 /* Debug */,
				4C6933EB1A8EFB4A00F872C1 /* Release */,
			);
			defaultConfigurationIsVisible = 0;
		};
		4C6933EC1A8EFB4A00F872C1 /* Build configuration list for PBXNativeTarget "RandomTests" */ = {
			isa = XCConfigurationList;
			buildConfigurations = (
				4C6933ED1A8EFB4A00F872C1 /* Debug */,
				4C6933EE1A8EFB4A00F872C1 /* Release */,
			);
			defaultConfigurationIsVisible = 0;
		};
/* End XCConfigurationList section */
	};
	rootObject = 4C6933C71A8EFB4900F872C1 /* Project object */;
}
